
Microsoft Visual Studio Solution File, Format Version 12.00
# Visual Studio Version 17
VisualStudioVersion = 17.5.33516.290
MinimumVisualStudioVersion = 10.0.40219.1
Project("{9A19103F-16F7-4668-BE54-9A1E7A4F7556}") = "Z80CPU", "Z80CPU\Z80CPU.csproj", "{2FF9F6E6-E548-444A-A2E3-D1D8E6EBF39E}"
EndProject
Project("{FAE04EC0-301F-11D3-BF4B-00C04F79EFBC}") = "Z80Computer", "Z80Computer\Z80Computer.csproj", "{7316EEF8-23E7-4AA3-865F-B72D45E835B8}"
EndProject
Global
	GlobalSection(SolutionConfigurationPlatforms) = preSolution
		Debug|Any CPU = Debug|Any CPU
		Release|Any CPU = Release|Any CPU
	EndGlobalSection
	GlobalSection(ProjectConfigurationPlatforms) = postSolution
		{2FF9F6E6-E548-444A-A2E3-D1D8E6EBF39E}.Debug|Any CPU.ActiveCfg = Debug|Any CPU
		{2FF9F6E6-E548-444A-A2E3-D1D8E6EBF39E}.Debug|Any CPU.Build.0 = Debug|Any CPU
		{2FF9F6E6-E548-444A-A2E3-D1D8E6EBF39E}.Release|Any CPU.ActiveCfg = Release|Any CPU
		{2FF9F6E6-E548-444A-A2E3-D1D8E6EBF39E}.Release|Any CPU.Build.0 = Release|Any CPU
		{7316EEF8-23E7-4AA3-865F-B72D45E835B8}.Debug|Any CPU.ActiveCfg = Debug|Any CPU
		{7316EEF8-23E7-4AA3-865F-B72D45E835B8}.Debug|Any CPU.Build.0 = Debug|Any CPU
		{7316EEF8-23E7-4AA3-865F-B72D45E835B8}.Release|Any CPU.ActiveCfg = Release|Any CPU
		{7316EEF8-23E7-4AA3-865F-B72D45E835B8}.Release|Any CPU.Build.0 = Release|Any CPU
	EndGlobalSection
	GlobalSection(SolutionProperties) = preSolution
		HideSolutionNode = FALSE
	EndGlobalSection
	GlobalSection(ExtensibilityGlobals) = postSolution
		SolutionGuid = {DA456569-45FD-488F-B45C-08B1BD3F6B84}
	EndGlobalSection
EndGlobal
