
Microsoft Visual Studio Solution File, Format Version 12.00
# Visual Studio Version 17
VisualStudioVersion = 17.5.33516.290
MinimumVisualStudioVersion = 10.0.40219.1
Project("{9A19103F-16F7-4668-BE54-9A1E7A4F7556}") = "Z80CPU", "Z80CPU\Z80CPU.csproj", "{2FF9F6E6-E548-444A-A2E3-D1D8E6EBF39E}"
EndProject
Project("{FAE04EC0-301F-11D3-BF4B-00C04F79EFBC}") = "Z80Computer", "Z80Computer\Z80Computer.csproj", "{7316EEF8-23E7-4AA3-865F-B72D45E835B8}"
EndProject
Project("{FAE04EC0-301F-11D3-BF4B-00C04F79EFBC}") = "Z80Assembler", "Z80Assembler\Z80Assembler.csproj", "{D8340D69-BA53-46F6-9CEF-2715252D6926}"
EndProject
Project("{FAE04EC0-301F-11D3-BF4B-00C04F79EFBC}") = "Z80CCompiler", "Z80CCompiler\Z80CCompiler.csproj", "{00A4E75D-DE3E-4AAC-83CF-1300B8D4E2E8}"
EndProject
Project("{FAE04EC0-301F-11D3-BF4B-00C04F79EFBC}") = "Z80Linker", "Z80Linker\Z80Linker.csproj", "{443E0C25-E59D-492C-8708-954AFEFAAF96}"
EndProject
Global
	GlobalSection(SolutionConfigurationPlatforms) = preSolution
		Debug|Any CPU = Debug|Any CPU
		Release|Any CPU = Release|Any CPU
	EndGlobalSection
	GlobalSection(ProjectConfigurationPlatforms) = postSolution
		{2FF9F6E6-E548-444A-A2E3-D1D8E6EBF39E}.Debug|Any CPU.ActiveCfg = Debug|Any CPU
		{2FF9F6E6-E548-444A-A2E3-D1D8E6EBF39E}.Debug|Any CPU.Build.0 = Debug|Any CPU
		{2FF9F6E6-E548-444A-A2E3-D1D8E6EBF39E}.Release|Any CPU.ActiveCfg = Release|Any CPU
		{2FF9F6E6-E548-444A-A2E3-D1D8E6EBF39E}.Release|Any CPU.Build.0 = Release|Any CPU
		{7316EEF8-23E7-4AA3-865F-B72D45E835B8}.Debug|Any CPU.ActiveCfg = Debug|Any CPU
		{7316EEF8-23E7-4AA3-865F-B72D45E835B8}.Debug|Any CPU.Build.0 = Debug|Any CPU
		{7316EEF8-23E7-4AA3-865F-B72D45E835B8}.Release|Any CPU.ActiveCfg = Release|Any CPU
		{7316EEF8-23E7-4AA3-865F-B72D45E835B8}.Release|Any CPU.Build.0 = Release|Any CPU
		{D8340D69-BA53-46F6-9CEF-2715252D6926}.Debug|Any CPU.ActiveCfg = Debug|Any CPU
		{D8340D69-BA53-46F6-9CEF-2715252D6926}.Debug|Any CPU.Build.0 = Debug|Any CPU
		{D8340D69-BA53-46F6-9CEF-2715252D6926}.Release|Any CPU.ActiveCfg = Release|Any CPU
		{D8340D69-BA53-46F6-9CEF-2715252D6926}.Release|Any CPU.Build.0 = Release|Any CPU
		{00A4E75D-DE3E-4AAC-83CF-1300B8D4E2E8}.Debug|Any CPU.ActiveCfg = Debug|Any CPU
		{00A4E75D-DE3E-4AAC-83CF-1300B8D4E2E8}.Debug|Any CPU.Build.0 = Debug|Any CPU
		{00A4E75D-DE3E-4AAC-83CF-1300B8D4E2E8}.Release|Any CPU.ActiveCfg = Release|Any CPU
		{00A4E75D-DE3E-4AAC-83CF-1300B8D4E2E8}.Release|Any CPU.Build.0 = Release|Any CPU
		{443E0C25-E59D-492C-8708-954AFEFAAF96}.Debug|Any CPU.ActiveCfg = Debug|Any CPU
		{443E0C25-E59D-492C-8708-954AFEFAAF96}.Debug|Any CPU.Build.0 = Debug|Any CPU
		{443E0C25-E59D-492C-8708-954AFEFAAF96}.Release|Any CPU.ActiveCfg = Release|Any CPU
		{443E0C25-E59D-492C-8708-954AFEFAAF96}.Release|Any CPU.Build.0 = Release|Any CPU
	EndGlobalSection
	GlobalSection(SolutionProperties) = preSolution
		HideSolutionNode = FALSE
	EndGlobalSection
	GlobalSection(ExtensibilityGlobals) = postSolution
		SolutionGuid = {DA456569-45FD-488F-B45C-08B1BD3F6B84}
	EndGlobalSection
EndGlobal
